
Microsoft Visual Studio Solution File, Format Version 12.00
# Visual Studio Version 17
VisualStudioVersion = 17.11.35222.181
MinimumVisualStudioVersion = 10.0.40219.1
Project("{9A19103F-16F7-4668-BE54-9A1E7A4F7556}") = "Lab_2", "Lab_2\Lab_2.csproj", "{D5E150F3-6358-4372-AD8C-0DA64983CD8E}"
	ProjectSection(ProjectDependencies) = postProject
		{D3CF9825-8161-4C23-9FF4-A360A461F6A7} = {D3CF9825-8161-4C23-9FF4-A360A461F6A7}
	EndProjectSection
EndProject
Project("{FAE04EC0-301F-11D3-BF4B-00C04F79EFBC}") = "ClassLib", "ClassLib\ClassLib.csproj", "{D3CF9825-8161-4C23-9FF4-A360A461F6A7}"
EndProject
Global
	GlobalSection(SolutionConfigurationPlatforms) = preSolution
		Debug|Any CPU = Debug|Any CPU
		Release|Any CPU = Release|Any CPU
	EndGlobalSection
	GlobalSection(ProjectConfigurationPlatforms) = postSolution
		{D5E150F3-6358-4372-AD8C-0DA64983CD8E}.Debug|Any CPU.ActiveCfg = Debug|Any CPU
		{D5E150F3-6358-4372-AD8C-0DA64983CD8E}.Debug|Any CPU.Build.0 = Debug|Any CPU
		{D5E150F3-6358-4372-AD8C-0DA64983CD8E}.Release|Any CPU.ActiveCfg = Release|Any CPU
		{D5E150F3-6358-4372-AD8C-0DA64983CD8E}.Release|Any CPU.Build.0 = Release|Any CPU
		{D3CF9825-8161-4C23-9FF4-A360A461F6A7}.Debug|Any CPU.ActiveCfg = Debug|Any CPU
		{D3CF9825-8161-4C23-9FF4-A360A461F6A7}.Debug|Any CPU.Build.0 = Debug|Any CPU
		{D3CF9825-8161-4C23-9FF4-A360A461F6A7}.Release|Any CPU.ActiveCfg = Release|Any CPU
		{D3CF9825-8161-4C23-9FF4-A360A461F6A7}.Release|Any CPU.Build.0 = Release|Any CPU
	EndGlobalSection
	GlobalSection(SolutionProperties) = preSolution
		HideSolutionNode = FALSE
	EndGlobalSection
	GlobalSection(ExtensibilityGlobals) = postSolution
		SolutionGuid = {8AE95A5A-8055-4768-8BC5-907EAC18D887}
	EndGlobalSection
EndGlobal
